{
  "name": "sql2mongo",
  "version": "0.1.0",
  "lockfileVersion": 1,
  "requires": true,
  "dependencies": {
    "js-sql-parser": {
      "version": "1.2.0",
      "resolved": "https://registry.npmjs.org/js-sql-parser/-/js-sql-parser-1.2.0.tgz",
      "integrity": "sha512-u7QhKKRFGaTO4sHmF4VwtPiKmLEA9BxveqUZdHTy6uZgEOyAMRNqzmSIEHYo7Kp2D4JPql36JC+fLVOSEsES3w=="
    }
  }
}
